{
    "_readme": [
        "This file locks the dependencies of your project to a known state",
        "Read more about it at https://getcomposer.org/doc/01-basic-usage.md#composer-lock-the-lock-file",
        "This file is @generated automatically"
    ],
    "hash": "0d5676b651f5aeb6b53aaa0c57696b01",
    "content-hash": "a0daa70bcfed950aa61abb159b33fd68",
    "packages": [
        {
            "name": "ecodev/speciality",
            "version": "dev-master",
            "source": {
                "type": "git",
                "url": "https://github.com/Ecodev/speciality.git",
                "reference": "b3c2c3f8900effcae4a005407c02dfbd802b5339"
            },
            "type": "typo3-cms-extension",
            "license": [
                "GPL-2.0+"
            ],
            "description": "Based extension providing a set of configuration and templates for your website. Everyone is special...",
            "homepage": "https://github.com/Ecodev/speciality.git",
            "time": "2015-09-30 12:01:22"
        },
        {
            "name": "ecodev/speciality-distribution",
            "version": "dev-master",
            "source": {
                "type": "git",
                "url": "https://github.com/Ecodev/speciality_distribution.git",
                "reference": "98089bd3b43a4fe4a1bedef496bc89859237e62d"
            },
            "type": "typo3-cms-extension",
            "license": [
                "GPL-2.0+"
            ],
            "description": "Delivers a special website just for you.",
            "homepage": "https://github.com/Ecodev/speciality_speciality.git",
            "time": "2015-09-30 15:24:56"
        },
        {
            "name": "helhum/class-alias-loader",
            "version": "1.1.5",
            "source": {
                "type": "git",
                "url": "https://github.com/helhum/class-alias-loader.git",
                "reference": "22d49a54af4d3dc81b7b200355b0d2e67b826ad0"
            },
            "dist": {
                "type": "zip",
                "url": "https://api.github.com/repos/helhum/class-alias-loader/zipball/22d49a54af4d3dc81b7b200355b0d2e67b826ad0",
                "reference": "22d49a54af4d3dc81b7b200355b0d2e67b826ad0",
                "shasum": ""
            },
            "require": {
                "composer-plugin-api": "^1.0"
            },
            "type": "composer-plugin",
            "extra": {
                "class": "Helhum\\ClassAliasLoader\\Composer\\Plugin",
                "branch-alias": {
                    "dev-master": "1.1.x-dev"
                }
            },
            "autoload": {
                "psr-4": {
                    "Helhum\\ClassAliasLoader\\": "Classes/"
                }
            },
            "notification-url": "https://packagist.org/downloads/",
            "license": [
                "MIT"
            ],
            "authors": [
                {
                    "name": "Helmut Hummel",
                    "email": "info@helhum.io"
                }
            ],
            "description": "Amends the composer class loader to support class aliases to provide backwards compatibility for packages",
            "homepage": "http://github.com/helhum/class-alias-loader",
            "keywords": [
                "alias",
                "autoloader",
                "classloader",
                "composer"
            ],
            "time": "2015-06-11 14:08:07"
        },
        {
            "name": "typo3-ter/context-hints",
            "version": "1.2.2",
            "dist": {
                "type": "t3x",
                "url": "http://typo3.org/extensions/repository/download/context_hints/1.2.2/t3x/",
                "reference": null,
                "shasum": null
            },
            "require": {
                "typo3/cms": ">= 6.2.0, <= 6.2.99"
            },
            "replace": {
                "typo3-ter/context_hints": "self.version"
            },
            "type": "typo3-cms-extension",
            "authors": [
                {
                    "name": "Fabien Udriot",
                    "email": "fabien.udriot@typo3.org",
                    "company": "",
                    "username": "ecodev"
                }
            ],
            "description": "Displays a little message on the top of the Backend about the current context along with some useful info as tooltip.\n                    After configuring and installing the extension, reload the Backend and notice the additional info next to the TYPO3 logo.",
            "time": "2015-05-13 18:45:00"
        },
        {
            "name": "typo3-ter/fluidbootstraptheme",
            "version": "1.1.0",
            "dist": {
                "type": "t3x",
                "url": "http://typo3.org/extensions/repository/download/fluidbootstraptheme/1.1.0/t3x/",
                "reference": null,
                "shasum": null
            },
            "require": {
                "typo3-ter/fluidcontent": ">= 4.1.0",
                "typo3-ter/fluidpages": ">= 3.1.1",
                "typo3-ter/flux": ">= 7.1.0",
                "typo3-ter/vhs": ">= 2.0.2",
                "typo3/cms": ">= 6.1.00, <= 6.2.99"
            },
            "type": "typo3-cms-extension",
            "authors": [
                {
                    "name": "Claus Due, Harry Glatz, Boris Schauer",
                    "email": "claus@namelesscoder.net, glatz@analog.de, me@bschauer.de",
                    "company": "NamelessCoder, analog multimedia, bschauer",
                    "username": "randomresult"
                }
            ],
            "description": "A collection of Twitter Bootstrap oriented Fluid Content Elements and Pages written for EXT:fluidcontent and EXT:fluidpages using ViewHelpers from EXT:vhs",
            "time": "2014-09-30 13:31:15"
        },
        {
            "name": "typo3-ter/fluidcontent",
            "version": "4.3.2",
            "dist": {
                "type": "t3x",
                "url": "http://typo3.org/extensions/repository/download/fluidcontent/4.3.2/t3x/",
                "reference": null,
                "shasum": null
            },
            "require": {
                "typo3-ter/flux": ">= 7.2.0, <= 7.3.99",
                "typo3/cms": ">= 6.2.0, <= 7.4.99"
            },
            "type": "typo3-cms-extension",
            "autoload": {
                "classmap": [
                    ""
                ]
            },
            "authors": [
                {
                    "name": "FluidTYPO3 Team",
                    "email": "claus@namelesscoder.net",
                    "company": "",
                    "username": "fluidtypo3"
                }
            ],
            "description": "Fluid Content Element engine - integrates extremely compact and highly dynamic content element templates written in Fluid. See: https://github.com/FluidTYPO3/fluidcontent",
            "time": "2015-09-10 22:22:32"
        },
        {
            "name": "typo3-ter/fluidcontent-core",
            "version": "1.2.0",
            "dist": {
                "type": "t3x",
                "url": "http://typo3.org/extensions/repository/download/fluidcontent_core/1.2.0/t3x/",
                "reference": null,
                "shasum": null
            },
            "require": {
                "typo3-ter/flux": ">= 7.2.0, <= 7.2.99",
                "typo3-ter/vhs": ">= 2.1.0, <= 2.3.99",
                "typo3/cms": ">= 6.2.0, <= 7.4.99"
            },
            "replace": {
                "typo3-ter/fluidcontent_core": "self.version"
            },
            "type": "typo3-cms-extension",
            "autoload": {
                "classmap": [
                    ""
                ]
            },
            "authors": [
                {
                    "name": "FluidTYPO3 Team",
                    "email": "claus@namelesscoder.net",
                    "company": "",
                    "username": "fluidtypo3"
                }
            ],
            "description": "Not CSS styled content - Fluid styled content",
            "time": "2015-08-08 18:24:49"
        },
        {
            "name": "typo3-ter/fluidpages",
            "version": "3.3.1",
            "dist": {
                "type": "t3x",
                "url": "http://typo3.org/extensions/repository/download/fluidpages/3.3.1/t3x/",
                "reference": null,
                "shasum": null
            },
            "require": {
                "typo3-ter/flux": ">= 7.2.0, <= 7.3.99",
                "typo3/cms": ">= 6.2.0, <= 7.4.99"
            },
            "conflict": {
                "typo3-ter/templavoila": "*"
            },
            "type": "typo3-cms-extension",
            "autoload": {
                "classmap": [
                    ""
                ]
            },
            "authors": [
                {
                    "name": "FluidTYPO3 Team",
                    "email": "claus@namelesscoder.net",
                    "company": "",
                    "username": "fluidtypo3"
                }
            ],
            "description": "Fluid Page Template engine - integrates compact and highly dynamic page templates with all the benefits of Fluid.",
            "time": "2015-08-08 18:15:52"
        },
        {
            "name": "typo3-ter/flux",
            "version": "7.2.3",
            "dist": {
                "type": "t3x",
                "url": "http://typo3.org/extensions/repository/download/flux/7.2.3/t3x/",
                "reference": null,
                "shasum": null
            },
            "require": {
                "typo3/cms": ">= 6.2.0, <= 7.4.99"
            },
            "type": "typo3-cms-extension",
            "autoload": {
                "classmap": [
                    ""
                ]
            },
            "authors": [
                {
                    "name": "FluidTYPO3 Team",
                    "email": "claus@namelesscoder.net",
                    "company": "",
                    "username": "fluidtypo3"
                }
            ],
            "description": "Backend form and frontend content rendering assistance API with focus on productivity.",
            "time": "2015-09-30 15:29:21"
        },
        {
            "name": "typo3-ter/media",
            "version": "3.6.0",
            "dist": {
                "type": "t3x",
                "url": "http://typo3.org/extensions/repository/download/media/3.6.0/t3x/",
                "reference": null,
                "shasum": null
            },
            "require": {
                "typo3-ter/vidi": "*",
                "typo3/cms": ">= 6.2.0, <= 6.2.99"
            },
            "type": "typo3-cms-extension",
            "autoload": {
                "classmap": [
                    ""
                ]
            },
            "authors": [
                {
                    "name": "Fabien Udriot",
                    "email": "fabien.udriot@typo3.org",
                    "company": "",
                    "username": "ecodev"
                }
            ],
            "description": "Media management system for TYPO3 CMS.",
            "time": "2015-09-25 12:11:03"
        },
        {
            "name": "typo3-ter/nc-staticfilecache",
            "version": "3.4.1",
            "dist": {
                "type": "t3x",
                "url": "http://typo3.org/extensions/repository/download/nc_staticfilecache/3.4.1/t3x/",
                "reference": null,
                "shasum": null
            },
            "require": {
                "typo3/cms": ">= 6.2.0, <= 7.99.99"
            },
            "replace": {
                "typo3-ter/nc_staticfilecache": "self.version"
            },
            "type": "typo3-cms-extension",
            "autoload": {
                "classmap": [
                    ""
                ]
            },
            "authors": [
                {
                    "name": "Static File Cache team",
                    "email": "extensions@netcreators.com",
                    "company": "Netcreators",
                    "username": "netcreators"
                }
            ],
            "description": "Transparent static file cache solution using mod_rewrite and mod_expires. Increase response times for static pages by a factor of 230!",
            "time": "2015-09-02 15:37:12"
        },
        {
            "name": "typo3-ter/realurl",
            "version": "1.13.4",
            "dist": {
                "type": "t3x",
                "url": "http://typo3.org/extensions/repository/download/realurl/1.13.4/t3x/",
                "reference": null,
                "shasum": null
            },
            "require": {
                "php": ">= 5.3.2, <= 5.999.999",
                "typo3/cms": ">= 4.5.40, <= 7.9.999"
            },
            "conflict": {
                "typo3-ter/cooluri": "*",
                "typo3-ter/simulatestatic": "*"
            },
            "type": "typo3-cms-extension",
            "autoload": {
                "classmap": [
                    ""
                ]
            },
            "authors": [
                {
                    "name": "Dmitry Dulepov",
                    "email": "dmitry.dulepov@gmail.com",
                    "company": "",
                    "username": "dmitry"
                }
            ],
            "description": "Creates nice looking URLs for TYPO3 pages: converts http://example.com/index.phpid12345&L2 to http://example.com/path/to/your/page/. Please, ask for free support in TYPO3 mailing lists or contact the maintainer for paid support.",
            "time": "2015-08-28 13:59:43"
        },
        {
            "name": "typo3-ter/seo-basics",
            "version": "0.9.0",
            "dist": {
                "type": "t3x",
                "url": "http://typo3.org/extensions/repository/download/seo_basics/0.9.0/t3x/",
                "reference": null,
                "shasum": null
            },
            "require": {
                "typo3-ter/realurl": "*",
                "typo3/cms": ">= 6.2.0, <= 7.9.99"
            },
            "replace": {
                "seo_basics": "0.9.0",
                "typo3-ext/seo_basics": "0.9.0"
            },
            "type": "typo3-cms-extension",
            "authors": [
                {
                    "name": "Benni Mack",
                    "email": "benni@typo3.org",
                    "company": "",
                    "username": "benni"
                }
            ],
            "description": "Adds a separate field for the title-tag per page, easy and SEO-friendly keywords and description editing in a new module as well as a flexible Google Sitemap (XML).",
            "time": "2014-12-08 17:00:12"
        },
        {
            "name": "typo3-ter/typo3-console",
            "version": "1.1.4",
            "dist": {
                "type": "t3x",
                "url": "http://typo3.org/extensions/repository/download/typo3_console/1.1.4/t3x/",
                "reference": null,
                "shasum": null
            },
            "require": {
                "typo3/cms": ">= 6.2.6, <= 7.2.99"
            },
            "replace": {
                "typo3-ter/typo3_console": "self.version"
            },
            "type": "typo3-cms-extension",
            "autoload": {
                "classmap": [
                    ""
                ]
            },
            "authors": [
                {
                    "name": "Helmut Hummel",
                    "email": "helmut.hummel@typo3.org",
                    "company": "",
                    "username": "helhum"
                }
            ],
            "description": "A reliable and powerful command line interface for TYPO3 CMS",
            "time": "2015-09-21 21:43:50"
        },
        {
            "name": "typo3-ter/vhs",
            "version": "2.3.3",
            "dist": {
                "type": "t3x",
                "url": "http://typo3.org/extensions/repository/download/vhs/2.3.3/t3x/",
                "reference": null,
                "shasum": null
            },
            "require": {
                "php": ">= 5.4.0, <= 5.6.99",
                "typo3/cms": ">= 6.2.0, <= 7.99.99"
            },
            "type": "typo3-cms-extension",
            "autoload": {
                "classmap": [
                    ""
                ]
            },
            "authors": [
                {
                    "name": "FluidTYPO3 Team",
                    "email": "claus@namelesscoder.net",
                    "company": "",
                    "username": "fluidtypo3"
                }
            ],
            "description": "A collection of ViewHelpers to perform rendering tasks which are not natively supported by Fluid - for example: advanced formatters, math calculators, specialized conditions and Iterator/Array calculators and processors",
            "time": "2015-05-20 13:14:23"
        },
        {
            "name": "typo3-ter/vidi",
            "version": "1.0.0",
            "dist": {
                "type": "t3x",
                "url": "http://typo3.org/extensions/repository/download/vidi/1.0.0/t3x/",
                "reference": null,
                "shasum": null
            },
            "require": {
                "typo3/cms": ">= 6.2.0, <= 6.2.99"
            },
            "type": "typo3-cms-extension",
            "autoload": {
                "classmap": [
                    ""
                ]
            },
            "authors": [
                {
                    "name": "Fabien Udriot",
                    "email": "fabien.udriot@typo3.org",
                    "company": "",
                    "username": "ecodev"
                }
            ],
            "description": "Generic listing of records with versatile ways of interacting with the data, e.g. advanced filter, inline editing, mass editing, ... Veni, vidi, vici!",
            "time": "2015-09-25 12:09:07"
        },
        {
            "name": "typo3/cms",
            "version": "6.2.15",
            "source": {
                "type": "git",
                "url": "https://github.com/TYPO3/TYPO3.CMS.git",
                "reference": "8f9fa5948c4bd1f1cf2fd59114ffed42bd66f619"
            },
            "dist": {
                "type": "tar",
                "url": "https://api.github.com/repos/TYPO3/TYPO3.CMS/zipball/8f9fa5948c4bd1f1cf2fd59114ffed42bd66f619",
                "reference": "6.2.15",
                "shasum": "8e8dde23a05fdb868702846f3ca9f6f96dd48738"
            },
            "require": {
                "ext-fileinfo": "*",
                "ext-pcre": "*",
                "ext-session": "*",
                "ext-xml": "*",
                "helhum/class-alias-loader": "1.1.5",
                "php": ">=5.3.7",
                "typo3/cms-composer-installers": "1.1.4"
            },
            "replace": {
                "typo3/cms-about": "self.version",
                "typo3/cms-aboutmodules": "self.version",
                "typo3/cms-adodb": "self.version",
                "typo3/cms-backend": "self.version",
                "typo3/cms-belog": "self.version",
                "typo3/cms-beuser": "self.version",
                "typo3/cms-cms": "self.version",
                "typo3/cms-context-help": "self.version",
                "typo3/cms-core": "self.version",
                "typo3/cms-cshmanual": "self.version",
                "typo3/cms-css-styled-content": "self.version",
                "typo3/cms-dbal": "self.version",
                "typo3/cms-documentation": "self.version",
                "typo3/cms-extbase": "self.version",
                "typo3/cms-extensionmanager": "self.version",
                "typo3/cms-extra-page-cm-options": "self.version",
                "typo3/cms-feedit": "self.version",
                "typo3/cms-felogin": "self.version",
                "typo3/cms-filelist": "self.version",
                "typo3/cms-filemetadata": "self.version",
                "typo3/cms-fluid": "self.version",
                "typo3/cms-form": "self.version",
                "typo3/cms-frontend": "self.version",
                "typo3/cms-func": "self.version",
                "typo3/cms-func-wizards": "self.version",
                "typo3/cms-impexp": "self.version",
                "typo3/cms-indexed-search": "self.version",
                "typo3/cms-indexed-search-mysql": "self.version",
                "typo3/cms-info": "self.version",
                "typo3/cms-info-pagetsconfig": "self.version",
                "typo3/cms-install": "self.version",
                "typo3/cms-lang": "self.version",
                "typo3/cms-linkvalidator": "self.version",
                "typo3/cms-lowlevel": "self.version",
                "typo3/cms-opendocs": "self.version",
                "typo3/cms-openid": "self.version",
                "typo3/cms-perm": "self.version",
                "typo3/cms-recordlist": "self.version",
                "typo3/cms-recycler": "self.version",
                "typo3/cms-reports": "self.version",
                "typo3/cms-rsaauth": "self.version",
                "typo3/cms-rtehtmlarea": "self.version",
                "typo3/cms-saltedpasswords": "self.version",
                "typo3/cms-scheduler": "self.version",
                "typo3/cms-setup": "self.version",
                "typo3/cms-sv": "self.version",
                "typo3/cms-sys-action": "self.version",
                "typo3/cms-sys-note": "self.version",
                "typo3/cms-t3editor": "self.version",
                "typo3/cms-t3skin": "self.version",
                "typo3/cms-taskcenter": "self.version",
                "typo3/cms-tstemplate": "self.version",
                "typo3/cms-version": "self.version",
                "typo3/cms-viewpage": "self.version",
                "typo3/cms-wizard-crpages": "self.version",
                "typo3/cms-wizard-sortpages": "self.version",
                "typo3/cms-workspaces": "self.version"
            },
            "require-dev": {
                "mikey179/vfsstream": "1.3.*@dev",
                "phpunit/phpunit": "~4.7.0"
            },
            "suggest": {
                "ext-gd": "GDlib/Freetype is required for building images with text (GIFBUILDER) and can also be used to scale images",
                "ext-openssl": "",
                "ext-soap": "",
                "ext-zip": "",
                "ext-zlib": "TYPO3 uses zlib for amongst others output compression and un/packing t3x extension files"
            },
            "type": "typo3-cms-core",
            "extra": {
                "branch-alias": {
                    "dev-TYPO3_6-2": "6.2.x-dev"
                },
                "autoload-case-sensitivity": false,
                "class-alias-maps": [
                    "typo3/sysext/backend/Migrations/Code/ClassAliasMap.php",
                    "typo3/sysext/core/Migrations/Code/ClassAliasMap.php",
                    "typo3/sysext/cshmanual/Migrations/Code/ClassAliasMap.php",
                    "typo3/sysext/extbase/Migrations/Code/ClassAliasMap.php",
                    "typo3/sysext/extensionmanager/Migrations/Code/ClassAliasMap.php",
                    "typo3/sysext/fluid/Migrations/Code/ClassAliasMap.php",
                    "typo3/sysext/frontend/Migrations/Code/ClassAliasMap.php",
                    "typo3/sysext/install/Migrations/Code/ClassAliasMap.php",
                    "typo3/sysext/lang/Migrations/Code/ClassAliasMap.php",
                    "typo3/sysext/recordlist/Migrations/Code/ClassAliasMap.php",
                    "typo3/sysext/saltedpasswords/Migrations/Code/ClassAliasMap.php",
                    "typo3/sysext/sv/Migrations/Code/ClassAliasMap.php"
                ]
            },
            "autoload": {
                "psr-0": {
                    "TYPO3\\Flow\\": "typo3/sysext/core/Resources/PHP/TYPO3.Flow/Classes/"
                },
                "psr-4": {
                    "Psr\\Log\\": "typo3/contrib/Psr/Log/",
                    "TYPO3\\CMS\\Backend\\": "typo3/sysext/backend/Classes/",
                    "TYPO3\\CMS\\Core\\": "typo3/sysext/core/Classes/",
                    "TYPO3\\CMS\\Cshmanual\\": "typo3/sysext/cshmanual/Classes/",
                    "TYPO3\\CMS\\Extbase\\": "typo3/sysext/extbase/Classes/",
                    "TYPO3\\CMS\\Extensionmanager\\": "typo3/sysext/extensionmanager/Classes/",
                    "TYPO3\\CMS\\Fluid\\": "typo3/sysext/fluid/Classes/",
                    "TYPO3\\CMS\\Frontend\\": "typo3/sysext/frontend/Classes/",
                    "TYPO3\\CMS\\Install\\": "typo3/sysext/install/Classes/",
                    "TYPO3\\CMS\\Lang\\": "typo3/sysext/lang/Classes/",
                    "TYPO3\\CMS\\Recordlist\\": "typo3/sysext/recordlist/Classes/",
                    "TYPO3\\CMS\\Saltedpasswords\\": "typo3/sysext/saltedpasswords/Classes/",
                    "TYPO3\\CMS\\Sv\\": "typo3/sysext/sv/Classes/"
                }
            },
            "notification-url": "https://packagist.org/downloads/",
            "license": [
                "GPL-2.0+"
            ],
            "authors": [
                {
                    "name": "TYPO3 CMS Core Team",
                    "homepage": "http://forge.typo3.org/projects/typo3cms-core",
                    "role": "Developer"
                },
                {
                    "name": "The TYPO3 Community",
                    "homepage": "https://typo3.org/community/",
                    "role": "Contributor"
                }
            ],
            "description": "TYPO3 CMS is a free open source Content Management Framework initially created by Kasper Skaarhoj and licensed under GNU/GPL.",
            "homepage": "http://typo3.org/",
            "keywords": [
                "Content management system",
                "cms",
                "extbase",
                "typo3"
            ],
            "time": "2015-09-08 09:01:41"
        },
        {
            "name": "typo3/cms-composer-installers",
            "version": "1.1.4",
            "source": {
                "type": "git",
                "url": "https://github.com/TYPO3/CmsComposerInstallers.git",
                "reference": "aa2dfd2efd323aed1250d63d6400aa064b740624"
            },
            "dist": {
                "type": "zip",
                "url": "https://api.github.com/repos/TYPO3/CmsComposerInstallers/zipball/aa2dfd2efd323aed1250d63d6400aa064b740624",
                "reference": "aa2dfd2efd323aed1250d63d6400aa064b740624",
                "shasum": ""
            },
            "require": {
                "composer-plugin-api": "^1.0.0"
            },
            "replace": {
                "lw/typo3cms-installers": "*",
                "netresearch/composer-installers": "*"
            },
            "require-dev": {
                "composer/composer": "1.*"
            },
            "type": "composer-plugin",
            "extra": {
                "class": "TYPO3\\CMS\\Composer\\Installer\\Plugin",
                "branch-alias": {
                    "dev-master": "1.1.x-dev"
                }
            },
            "autoload": {
                "psr-0": {
                    "": "Classes/"
                }
            },
            "notification-url": "https://packagist.org/downloads/",
            "license": [
                "GPL-2.0+"
            ],
            "authors": [
                {
                    "name": "Christian Opitz",
                    "email": "christian.opitz@netresearch.de"
                },
                {
                    "name": "Lars Peipmann",
                    "email": "lars@peipmann.de"
                }
            ],
            "description": "TYPO3 CMS Installers",
            "homepage": "http://forge.typo3.org/projects/team-composer",
            "keywords": [
                "cms",
                "core",
                "extension",
                "installer",
                "typo3"
            ],
            "time": "2015-06-23 12:32:24"
        }
    ],
    "packages-dev": [],
    "aliases": [],
    "minimum-stability": "stable",
    "stability-flags": {
        "ecodev/speciality": 20,
        "ecodev/speciality-distribution": 20
    },
    "prefer-stable": false,
    "prefer-lowest": false,
    "platform": [],
    "platform-dev": []
}
